
Microsoft Visual Studio Solution File, Format Version 12.00
# Visual Studio Version 17
VisualStudioVersion = 17.5.33530.505
MinimumVisualStudioVersion = 10.0.40219.1
Project("{FAE04EC0-301F-11D3-BF4B-00C04F79EFBC}") = "Botnet-C2-Bypass", "Botnet-C2-Bypass\Botnet-C2-Bypass.csproj", "{6CD8EEF6-A007-47B6-98AD-74FB0ADCA9C9}"
EndProject
Global
	GlobalSection(SolutionConfigurationPlatforms) = preSolution
		Debug|Any CPU = Debug|Any CPU
		Release|Any CPU = Release|Any CPU
	EndGlobalSection
	GlobalSection(ProjectConfigurationPlatforms) = postSolution
		{6CD8EEF6-A007-47B6-98AD-74FB0ADCA9C9}.Debug|Any CPU.ActiveCfg = Debug|Any CPU
		{6CD8EEF6-A007-47B6-98AD-74FB0ADCA9C9}.Debug|Any CPU.Build.0 = Debug|Any CPU
		{6CD8EEF6-A007-47B6-98AD-74FB0ADCA9C9}.Release|Any CPU.ActiveCfg = Release|Any CPU
		{6CD8EEF6-A007-47B6-98AD-74FB0ADCA9C9}.Release|Any CPU.Build.0 = Release|Any CPU
	EndGlobalSection
	GlobalSection(SolutionProperties) = preSolution
		HideSolutionNode = FALSE
	EndGlobalSection
	GlobalSection(ExtensibilityGlobals) = postSolution
		SolutionGuid = {F9D47ADF-DF5C-4142-9734-7C1EEA2EFEFD}
	EndGlobalSection
EndGlobal
